{
  "name": "appointment-wxapp",
  "version": "1.0.0",
  "lockfileVersion": 1,
  "requires": true,
  "dependencies": {
    "js-md5": {
      "version": "0.7.3",
      "resolved": "https://registry.npm.taobao.org/js-md5/download/js-md5-0.7.3.tgz",
      "integrity": "sha1-tPL7sLMnRV9ZjWcn447Ccs0Jw/I="
    },
    "weui": {
      "version": "2.1.3",
      "resolved": "https://registry.npmjs.org/weui/-/weui-2.1.3.tgz",
      "integrity": "sha512-iFN53xGHpGPbdFf65Q/uYpQUln0Cg18VwsYU+AqYpazBcBVigdLDd3zNWXLk9VXwdTaS3FVWnGxejhSm6L+wZQ=="
    },
    "weui-miniprogram": {
      "version": "0.2.1",
      "resolved": "https://registry.npmjs.org/weui-miniprogram/-/weui-miniprogram-0.2.1.tgz",
      "integrity": "sha512-Of/r4QwmlzMwvpW9BQHcL/KW3WV5kw+7yxCFSob3UIqMpwLxKHuBrQajuCVkM3CbqxIpc0XWyDYnpCWk3VkLYg==",
      "dev": true
    }
  }
}
